
Microsoft Visual Studio Solution File, Format Version 12.00
# Visual Studio Express 2012 for Web
Project("{FAE04EC0-301F-11D3-BF4B-00C04F79EFBC}") = "ProWorldz.Web", "ProWorldz.Web\ProWorldz.Web.csproj", "{687458FB-D3F2-4DEF-9441-0796C6C94D8B}"
EndProject
Project("{FAE04EC0-301F-11D3-BF4B-00C04F79EFBC}") = "ProWorldz.DL", "ProWorldz.DL\ProWorldz.DL.csproj", "{BCFC03E3-B3D2-4954-90B9-F3331B0FCB25}"
EndProject
Project("{FAE04EC0-301F-11D3-BF4B-00C04F79EFBC}") = "ProWorldz.BL", "ProWorldz.BL\ProWorldz.BL.csproj", "{F21DB6CC-69BE-414D-BD63-3915428D738F}"
EndProject
Global
	GlobalSection(SolutionConfigurationPlatforms) = preSolution
		Debug|Any CPU = Debug|Any CPU
		Release|Any CPU = Release|Any CPU
	EndGlobalSection
	GlobalSection(ProjectConfigurationPlatforms) = postSolution
		{687458FB-D3F2-4DEF-9441-0796C6C94D8B}.Debug|Any CPU.ActiveCfg = Debug|Any CPU
		{687458FB-D3F2-4DEF-9441-0796C6C94D8B}.Debug|Any CPU.Build.0 = Debug|Any CPU
		{687458FB-D3F2-4DEF-9441-0796C6C94D8B}.Release|Any CPU.ActiveCfg = Release|Any CPU
		{687458FB-D3F2-4DEF-9441-0796C6C94D8B}.Release|Any CPU.Build.0 = Release|Any CPU
		{BCFC03E3-B3D2-4954-90B9-F3331B0FCB25}.Debug|Any CPU.ActiveCfg = Debug|Any CPU
		{BCFC03E3-B3D2-4954-90B9-F3331B0FCB25}.Debug|Any CPU.Build.0 = Debug|Any CPU
		{BCFC03E3-B3D2-4954-90B9-F3331B0FCB25}.Release|Any CPU.ActiveCfg = Release|Any CPU
		{BCFC03E3-B3D2-4954-90B9-F3331B0FCB25}.Release|Any CPU.Build.0 = Release|Any CPU
		{F21DB6CC-69BE-414D-BD63-3915428D738F}.Debug|Any CPU.ActiveCfg = Debug|Any CPU
		{F21DB6CC-69BE-414D-BD63-3915428D738F}.Debug|Any CPU.Build.0 = Debug|Any CPU
		{F21DB6CC-69BE-414D-BD63-3915428D738F}.Release|Any CPU.ActiveCfg = Release|Any CPU
		{F21DB6CC-69BE-414D-BD63-3915428D738F}.Release|Any CPU.Build.0 = Release|Any CPU
	EndGlobalSection
	GlobalSection(SolutionProperties) = preSolution
		HideSolutionNode = FALSE
	EndGlobalSection
EndGlobal
